
Microsoft Visual Studio Solution File, Format Version 12.00
# Visual Studio 15
VisualStudioVersion = 15.0.28307.106
MinimumVisualStudioVersion = 10.0.40219.1
Project("{FAE04EC0-301F-11D3-BF4B-00C04F79EFBC}") = "EXAM2019", "EXAM2019\EXAM2019.csproj", "{A948733B-78E0-43AA-A2EA-FAF07A84BE07}"
EndProject
Global
	GlobalSection(SolutionConfigurationPlatforms) = preSolution
		Debug|Any CPU = Debug|Any CPU
		Release|Any CPU = Release|Any CPU
	EndGlobalSection
	GlobalSection(ProjectConfigurationPlatforms) = postSolution
		{A948733B-78E0-43AA-A2EA-FAF07A84BE07}.Debug|Any CPU.ActiveCfg = Debug|Any CPU
		{A948733B-78E0-43AA-A2EA-FAF07A84BE07}.Debug|Any CPU.Build.0 = Debug|Any CPU
		{A948733B-78E0-43AA-A2EA-FAF07A84BE07}.Release|Any CPU.ActiveCfg = Release|Any CPU
		{A948733B-78E0-43AA-A2EA-FAF07A84BE07}.Release|Any CPU.Build.0 = Release|Any CPU
	EndGlobalSection
	GlobalSection(SolutionProperties) = preSolution
		HideSolutionNode = FALSE
	EndGlobalSection
	GlobalSection(ExtensibilityGlobals) = postSolution
		SolutionGuid = {5A7DA118-7D90-41F9-AB83-3C1BDB06F775}
	EndGlobalSection
EndGlobal
